# This file is automatically @generated by Poetry 2.3.2 and should not be changed by hand.

[[package]]
name = "annotated-doc"
version = "0.0.4"
description = "Document parameters, class attributes, return types, and variables inline, with Annotated."
optional = false
python-versions = ">=3.8"
groups = ["main"]
files = [
    {file = "annotated_doc-0.0.4-py3-none-any.whl", hash = "sha256:571ac1dc6991c450b25a9c2d84a3705e2ae7a53467b5d111c24fa8baabbed320"},
    {file = "annotated_doc-0.0.4.tar.gz", hash = "sha256:fbcda96e87e9c92ad167c2e53839e57503ecfda18804ea28102353485033faa4"},
]

[[package]]
name = "click"
version = "8.3.1"
description = "Composable command line interface toolkit"
optional = false
python-versions = ">=3.10"
groups = ["main"]
files = [
    {file = "click-8.3.1-py3-none-any.whl", hash = "sha256:981153a64e25f12d547d3426c367a4857371575ee7ad18df2a6183ab0545b2a6"},
    {file = "click-8.3.1.tar.gz", hash = "sha256:12ff4785d337a1bb490bb7e9c2b1ee5da3112e94a8622f26a6c77f5d2fc6842a"},
]

[package.dependencies]
colorama = {version = "*", markers = "platform_system == \"Windows\""}

[[package]]
name = "colorama"
version = "0.4.6"
description = "Cross-platform colored terminal text."
optional = false
python-versions = "!=3.0.*,!=3.1.*,!=3.2.*,!=3.3.*,!=3.4.*,!=3.5.*,!=3.6.*,>=2.7"
groups = ["main", "dev"]
files = [
    {file = "colorama-0.4.6-py2.py3-none-any.whl", hash = "sha256:4f1d9991f5acc0ca119f9d443620b77f9d6b33703e51011c16baf57afb285fc6"},
    {file = "colorama-0.4.6.tar.gz", hash = "sha256:08695f5cb7ed6e0531a20572697297273c47b8cae5a63ffc6d6ed5c201be6e44"},
]
markers = {main = "platform_system == \"Windows\"", dev = "sys_platform == \"win32\""}

[[package]]
name = "iniconfig"
version = "2.3.0"
description = "brain-dead simple config-ini parsing"
optional = false
python-versions = ">=3.10"
groups = ["dev"]
files = [
    {file = "iniconfig-2.3.0-py3-none-any.whl", hash = "sha256:f631c04d2c48c52b84d0d0549c99ff3859c98df65b3101406327ecc7d53fbf12"},
    {file = "iniconfig-2.3.0.tar.gz", hash = "sha256:c76315c77db068650d49c5b56314774a7804df16fee4402c1f19d6d15d8c4730"},
]

[[package]]
name = "markdown-it-py"
version = "4.0.0"
description = "Python port of markdown-it. Markdown parsing, done right!"
optional = false
python-versions = ">=3.10"
groups = ["main"]
files = [
    {file = "markdown_it_py-4.0.0-py3-none-any.whl", hash = "sha256:87327c59b172c5011896038353a81343b6754500a08cd7a4973bb48c6d578147"},
    {file = "markdown_it_py-4.0.0.tar.gz", hash = "sha256:cb0a2b4aa34f932c007117b194e945bd74e0ec24133ceb5bac59009cda1cb9f3"},
]

[package.dependencies]
mdurl = ">=0.1,<1.0"

[package.extras]
benchmarking = ["psutil", "pytest", "pytest-benchmark"]
compare = ["commonmark (>=0.9,<1.0)", "markdown (>=3.4,<4.0)", "markdown-it-pyrs", "mistletoe (>=1.0,<2.0)", "mistune (>=3.0,<4.0)", "panflute (>=2.3,<3.0)"]
linkify = ["linkify-it-py (>=1,<3)"]
plugins = ["mdit-py-plugins (>=0.5.0)"]
profiling = ["gprof2dot"]
rtd = ["ipykernel", "jupyter_sphinx", "mdit-py-plugins (>=0.5.0)", "myst-parser", "pyyaml", "sphinx", "sphinx-book-theme (>=1.0,<2.0)", "sphinx-copybutton", "sphinx-design"]
testing = ["coverage", "pytest", "pytest-cov", "pytest-regressions", "requests"]

[[package]]
name = "mdurl"
version = "0.1.2"
description = "Markdown URL utilities"
optional = false
python-versions = ">=3.7"
groups = ["main"]
files = [
    {file = "mdurl-0.1.2-py3-none-any.whl", hash = "sha256:84008a41e51615a49fc9966191ff91509e3c40b939176e643fd50a5c2196b8f8"},
    {file = "mdurl-0.1.2.tar.gz", hash = "sha256:bb413d29f5eea38f31dd4754dd7377d4465116fb207585f97bf925588687c1ba"},
]

[[package]]
name = "packaging"
version = "26.0"
description = "Core utilities for Python packages"
optional = false
python-versions = ">=3.8"
groups = ["dev"]
files = [
    {file = "packaging-26.0-py3-none-any.whl", hash = "sha256:b36f1fef9334a5588b4166f8bcd26a14e521f2b55e6b9de3aaa80d3ff7a37529"},
    {file = "packaging-26.0.tar.gz", hash = "sha256:00243ae351a257117b6a241061796684b084ed1c516a08c48a3f7e147a9d80b4"},
]

[[package]]
name = "pluggy"
version = "1.6.0"
description = "plugin and hook calling mechanisms for python"
optional = false
python-versions = ">=3.9"
groups = ["dev"]
files = [
    {file = "pluggy-1.6.0-py3-none-any.whl", hash = "sha256:e920276dd6813095e9377c0bc5566d94c932c33b27a3e3945d8389c374dd4746"},
    {file = "pluggy-1.6.0.tar.gz", hash = "sha256:7dcc130b76258d33b90f61b658791dede3486c3e6bfb003ee5c9bfb396dd22f3"},
]

[package.extras]
dev = ["pre-commit", "tox"]
testing = ["coverage", "pytest", "pytest-benchmark"]

[[package]]
name = "prompt-toolkit"
version = "3.0.52"
description = "Library for building powerful interactive command lines in Python"
optional = false
python-versions = ">=3.8"
groups = ["main"]
files = [
    {file = "prompt_toolkit-3.0.52-py3-none-any.whl", hash = "sha256:9aac639a3bbd33284347de5ad8d68ecc044b91a762dc39b7c21095fcd6a19955"},
    {file = "prompt_toolkit-3.0.52.tar.gz", hash = "sha256:28cde192929c8e7321de85de1ddbe736f1375148b02f2e17edd840042b1be855"},
]

[package.dependencies]
wcwidth = "*"

[[package]]
name = "psycopg"
version = "3.3.3"
description = "PostgreSQL database adapter for Python"
optional = false
python-versions = ">=3.10"
groups = ["main"]
files = [
    {file = "psycopg-3.3.3-py3-none-any.whl", hash = "sha256:f96525a72bcfade6584ab17e89de415ff360748c766f0106959144dcbb38c698"},
    {file = "psycopg-3.3.3.tar.gz", hash = "sha256:5e9a47458b3c1583326513b2556a2a9473a1001a56c9efe9e587245b43148dd9"},
]

[package.dependencies]
psycopg-binary = {version = "3.3.3", optional = true, markers = "implementation_name != \"pypy\" and extra == \"binary\""}
tzdata = {version = "*", markers = "sys_platform == \"win32\""}

[package.extras]
binary = ["psycopg-binary (==3.3.3) ; implementation_name != \"pypy\""]
c = ["psycopg-c (==3.3.3) ; implementation_name != \"pypy\""]
dev = ["ast-comments (>=1.1.2)", "black (>=26.1.0)", "codespell (>=2.2)", "cython-lint (>=0.16)", "dnspython (>=2.1)", "flake8 (>=4.0)", "isort-psycopg", "isort[colors] (>=6.0)", "mypy (>=1.19.0)", "pre-commit (>=4.0.1)", "types-setuptools (>=57.4)", "types-shapely (>=2.0)", "wheel (>=0.37)"]
docs = ["Sphinx (>=5.0)", "furo (==2022.6.21)", "sphinx-autobuild (>=2021.3.14)", "sphinx-autodoc-typehints (>=1.12)"]
pool = ["psycopg-pool"]
test = ["anyio (>=4.0)", "mypy (>=1.19.0) ; implementation_name != \"pypy\"", "pproxy (>=2.7)", "pytest (>=6.2.5)", "pytest-cov (>=3.0)", "pytest-randomly (>=3.5)"]

[[package]]
name = "psycopg-binary"
version = "3.3.3"
description = "PostgreSQL database adapter for Python -- C optimisation distribution"
optional = false
python-versions = ">=3.10"
groups = ["main"]
markers = "implementation_name != \"pypy\""
files = [
    {file = "psycopg_binary-3.3.3-cp310-cp310-macosx_10_9_x86_64.whl", hash = "sha256:b3385b58b2fe408a13d084c14b8dcf468cd36cbbe774408250facc128f9fa75c"},
    {file = "psycopg_binary-3.3.3-cp310-cp310-macosx_11_0_arm64.whl", hash = "sha256:1bef235a50a80f6aba05147002bc354559657cb6386dbd04d8e1c97d1d7cbe84"},
    {file = "psycopg_binary-3.3.3-cp310-cp310-manylinux2014_ppc64le.manylinux_2_17_ppc64le.whl", hash = "sha256:97c839717bf8c8df3f6d983a20949c4fb22e2a34ee172e3e427ede363feda27b"},
    {file = "psycopg_binary-3.3.3-cp310-cp310-manylinux2014_x86_64.manylinux_2_17_x86_64.whl", hash = "sha256:48e500cf1c0984dacf1f28ea482c3cdbb4c2288d51c336c04bc64198ab21fc51"},
    {file = "psycopg_binary-3.3.3-cp310-cp310-manylinux_2_27_aarch64.manylinux_2_28_aarch64.whl", hash = "sha256:eb36a08859b9432d94ea6b26ec41a2f98f83f14868c91321d0c1e11f672eeae7"},
    {file = "psycopg_binary-3.3.3-cp310-cp310-manylinux_2_38_riscv64.manylinux_2_39_riscv64.whl", hash = "sha256:0dde92cfde09293fb63b3f547919ba7d73bd2654573c03502b3263dd0218e44e"},
    {file = "psycopg_binary-3.3.3-cp310-cp310-musllinux_1_2_aarch64.whl", hash = "sha256:78c9ce98caaf82ac8484d269791c1b403d7598633e0e4e2fa1097baae244e2f1"},
    {file = "psycopg_binary-3.3.3-cp310-cp310-musllinux_1_2_ppc64le.whl", hash = "sha256:d593612758d0041cb13cb0003f7f8d3fabb7ad9319e651e78afae49b1cf5860e"},
    {file = "psycopg_binary-3.3.3-cp310-cp310-musllinux_1_2_riscv64.whl", hash = "sha256:f24e8e17035200a465c178e9ea945527ad0738118694184c450f1192a452ff25"},
    {file = "psycopg_binary-3.3.3-cp310-cp310-musllinux_1_2_x86_64.whl", hash = "sha256:e7b607f0e14f2a4cf7e78a05ebd13df6144acfba87cb90842e70d3f125d9f53f"},
    {file = "psycopg_binary-3.3.3-cp310-cp310-win_amd64.whl", hash = "sha256:b27d3a23c79fa59557d2cc63a7e8bb4c7e022c018558eda36f9d7c4e6b99a6e0"},
    {file = "psycopg_binary-3.3.3-cp311-cp311-macosx_10_9_x86_64.whl", hash = "sha256:a89bb9ee11177b2995d87186b1d9fa892d8ea725e85eab28c6525e4cc14ee048"},
    {file = "psycopg_binary-3.3.3-cp311-cp311-macosx_11_0_arm64.whl", hash = "sha256:9f7d0cf072c6fbac3795b08c98ef9ea013f11db609659dcfc6b1f6cc31f9e181"},
    {file = "psycopg_binary-3.3.3-cp311-cp311-manylinux2014_ppc64le.manylinux_2_17_ppc64le.whl", hash = "sha256:90eecd93073922f085967f3ed3a98ba8c325cbbc8c1a204e300282abd2369e13"},
    {file = "psycopg_binary-3.3.3-cp311-cp311-manylinux2014_x86_64.manylinux_2_17_x86_64.whl", hash = "sha256:dac7ee2f88b4d7bb12837989ca354c38d400eeb21bce3b73dac02622f0a3c8d6"},
    {file = "psycopg_binary-3.3.3-cp311-cp311-manylinux_2_27_aarch64.manylinux_2_28_aarch64.whl", hash = "sha256:b62cf8784eb6d35beaee1056d54caf94ec6ecf2b7552395e305518ab61eb8fd2"},
    {file = "psycopg_binary-3.3.3-cp311-cp311-manylinux_2_38_riscv64.manylinux_2_39_riscv64.whl", hash = "sha256:a39f34c9b18e8f6794cca17bfbcd64572ca2482318db644268049f8c738f35a6"},
    {file = "psycopg_binary-3.3.3-cp311-cp311-musllinux_1_2_aarch64.whl", hash = "sha256:883d68d48ca9ff3cb3d10c5fdebea02c79b48eecacdddbf7cce6e7cdbdc216b8"},
    {file = "psycopg_binary-3.3.3-cp311-cp311-musllinux_1_2_ppc64le.whl", hash = "sha256:cab7bc3d288d37a80aa8c0820033250c95e40b1c2b5c57cf59827b19c2a8b69d"},
    {file = "psycopg_binary-3.3.3-cp311-cp311-musllinux_1_2_riscv64.whl", hash = "sha256:56c767007ca959ca32f796b42379fc7e1ae2ed085d29f20b05b3fc394f3715cc"},
    {file = "psycopg_binary-3.3.3-cp311-cp311-musllinux_1_2_x86_64.whl", hash = "sha256:da2f331a01af232259a21573a01338530c6016dcfad74626c01330535bcd8628"},
    {file = "psycopg_binary-3.3.3-cp311-cp311-win_amd64.whl", hash = "sha256:19f93235ece6dbfc4036b5e4f6d8b13f0b8f2b3eeb8b0bd2936d406991bcdd40"},
    {file = "psycopg_binary-3.3.3-cp312-cp312-macosx_10_13_x86_64.whl", hash = "sha256:6698dbab5bcef8fdb570fc9d35fd9ac52041771bfcfe6fd0fc5f5c4e36f1e99d"},
    {file = "psycopg_binary-3.3.3-cp312-cp312-macosx_11_0_arm64.whl", hash = "sha256:329ff393441e75f10b673ae99ab45276887993d49e65f141da20d915c05aafd8"},
    {file = "psycopg_binary-3.3.3-cp312-cp312-manylinux2014_ppc64le.manylinux_2_17_ppc64le.whl", hash = "sha256:eb072949b8ebf4082ae24289a2b0fd724da9adc8f22743409d6fd718ddb379df"},
    {file = "psycopg_binary-3.3.3-cp312-cp312-manylinux2014_x86_64.manylinux_2_17_x86_64.whl", hash = "sha256:263a24f39f26e19ed7fc982d7859a36f17841b05bebad3eb47bb9cd2dd785351"},
    {file = "psycopg_binary-3.3.3-cp312-cp312-manylinux_2_27_aarch64.manylinux_2_28_aarch64.whl", hash = "sha256:5152d50798c2fa5bd9b68ec68eb68a1b71b95126c1d70adaa1a08cd5eefdc23d"},
    {file = "psycopg_binary-3.3.3-cp312-cp312-manylinux_2_38_riscv64.manylinux_2_39_riscv64.whl", hash = "sha256:9d6a1e56dd267848edb824dbeb08cf5bac649e02ee0b03ba883ba3f4f0bd54f2"},
    {file = "psycopg_binary-3.3.3-cp312-cp312-musllinux_1_2_aarch64.whl", hash = "sha256:73eaaf4bb04709f545606c1db2f65f4000e8a04cdbf3e00d165a23004692093e"},
    {file = "psycopg_binary-3.3.3-cp312-cp312-musllinux_1_2_ppc64le.whl", hash = "sha256:162e5675efb4704192411eaf8e00d07f7960b679cd3306e7efb120bb8d9456cc"},
    {file = "psycopg_binary-3.3.3-cp312-cp312-musllinux_1_2_riscv64.whl", hash = "sha256:fab6b5e37715885c69f5d091f6ff229be71e235f272ebaa35158d5a46fd548a0"},
    {file = "psycopg_binary-3.3.3-cp312-cp312-musllinux_1_2_x86_64.whl", hash = "sha256:a4aab31bd6d1057f287c96c0effca3a25584eb9cc702f282ecb96ded7814e830"},
    {file = "psycopg_binary-3.3.3-cp312-cp312-win_amd64.whl", hash = "sha256:59aa31fe11a0e1d1bcc2ce37ed35fe2ac84cd65bb9036d049b1a1c39064d0f14"},
    {file = "psycopg_binary-3.3.3-cp313-cp313-macosx_10_13_x86_64.whl", hash = "sha256:05f32239aec25c5fb15f7948cffdc2dc0dac098e48b80a140e4ba32b572a2e7d"},
    {file = "psycopg_binary-3.3.3-cp313-cp313-macosx_11_0_arm64.whl", hash = "sha256:7c84f9d214f2d1de2fafebc17fa68ac3f6561a59e291553dfc45ad299f4898c1"},
    {file = "psycopg_binary-3.3.3-cp313-cp313-manylinux2014_ppc64le.manylinux_2_17_ppc64le.whl", hash = "sha256:e77957d2ba17cada11be09a5066d93026cdb61ada7c8893101d7fe1c6e1f3925"},
    {file = "psycopg_binary-3.3.3-cp313-cp313-manylinux2014_x86_64.manylinux_2_17_x86_64.whl", hash = "sha256:42961609ac07c232a427da7c87a468d3c82fee6762c220f38e37cfdacb2b178d"},
    {file = "psycopg_binary-3.3.3-cp313-cp313-manylinux_2_27_aarch64.manylinux_2_28_aarch64.whl", hash = "sha256:ae07a3114313dd91fce686cab2f4c44af094398519af0e0f854bc707e1aeedf1"},
    {file = "psycopg_binary-3.3.3-cp313-cp313-manylinux_2_38_riscv64.manylinux_2_39_riscv64.whl", hash = "sha256:d257c58d7b36a621dcce1d01476ad8b60f12d80eb1406aee4cf796f88b2ae482"},
    {file = "psycopg_binary-3.3.3-cp313-cp313-musllinux_1_2_aarch64.whl", hash = "sha256:07c7211f9327d522c9c47560cae00a4ecf6687f4e02d779d035dd3177b41cb12"},
    {file = "psycopg_binary-3.3.3-cp313-cp313-musllinux_1_2_ppc64le.whl", hash = "sha256:8e7e9eca9b363dbedeceeadd8be97149d2499081f3c52d141d7cd1f395a91f83"},
    {file = "psycopg_binary-3.3.3-cp313-cp313-musllinux_1_2_riscv64.whl", hash = "sha256:cb85b1d5702877c16f28d7b92ba030c1f49ebcc9b87d03d8c10bf45a2f1c7508"},
    {file = "psycopg_binary-3.3.3-cp313-cp313-musllinux_1_2_x86_64.whl", hash = "sha256:4d4606c84d04b80f9138d72f1e28c6c02dc5ae0c7b8f3f8aaf89c681ce1cd1b1"},
    {file = "psycopg_binary-3.3.3-cp313-cp313-win_amd64.whl", hash = "sha256:74eae563166ebf74e8d950ff359be037b85723d99ca83f57d9b244a871d6c13b"},
    {file = "psycopg_binary-3.3.3-cp314-cp314-macosx_10_15_x86_64.whl", hash = "sha256:497852c5eaf1f0c2d88ab74a64a8097c099deac0c71de1cbcf18659a8a04a4b2"},
    {file = "psycopg_binary-3.3.3-cp314-cp314-macosx_11_0_arm64.whl", hash = "sha256:258d1ea53464d29768bf25930f43291949f4c7becc706f6e220c515a63a24edd"},
    {file = "psycopg_binary-3.3.3-cp314-cp314-manylinux2014_ppc64le.manylinux_2_17_ppc64le.whl", hash = "sha256:111c59897a452196116db12e7f608da472fbff000693a21040e35fc978b23430"},
    {file = "psycopg_binary-3.3.3-cp314-cp314-manylinux2014_x86_64.manylinux_2_17_x86_64.whl", hash = "sha256:17bb6600e2455993946385249a3c3d0af52cd70c1c1cdbf712e9d696d0b0bf1b"},
    {file = "psycopg_binary-3.3.3-cp314-cp314-manylinux_2_27_aarch64.manylinux_2_28_aarch64.whl", hash = "sha256:642050398583d61c9856210568eb09a8e4f2fe8224bf3be21b67a370e677eead"},
    {file = "psycopg_binary-3.3.3-cp314-cp314-manylinux_2_38_riscv64.manylinux_2_39_riscv64.whl", hash = "sha256:533efe6dc3a7cba5e2a84e38970786bb966306863e45f3db152007e9f48638a6"},
    {file = "psycopg_binary-3.3.3-cp314-cp314-musllinux_1_2_aarch64.whl", hash = "sha256:5958dbf28b77ce2033482f6cb9ef04d43f5d8f4b7636e6963d5626f000efb23e"},
    {file = "psycopg_binary-3.3.3-cp314-cp314-musllinux_1_2_ppc64le.whl", hash = "sha256:a6af77b6626ce92b5817bf294b4d45ec1a6161dba80fc2d82cdffdd6814fd023"},
    {file = "psycopg_binary-3.3.3-cp314-cp314-musllinux_1_2_riscv64.whl", hash = "sha256:47f06fcbe8542b4d96d7392c476a74ada521c5aebdb41c3c0155f6595fc14c8d"},
    {file = "psycopg_binary-3.3.3-cp314-cp314-musllinux_1_2_x86_64.whl", hash = "sha256:e7800e6c6b5dc4b0ca7cc7370f770f53ac83886b76afda0848065a674231e856"},
    {file = "psycopg_binary-3.3.3-cp314-cp314-win_amd64.whl", hash = "sha256:165f22ab5a9513a3d7425ffb7fcc7955ed8ccaeef6d37e369d6cc1dff1582383"},
]

[[package]]
name = "pygments"
version = "2.19.2"
description = "Pygments is a syntax highlighting package written in Python."
optional = false
python-versions = ">=3.8"
groups = ["main", "dev"]
files = [
    {file = "pygments-2.19.2-py3-none-any.whl", hash = "sha256:86540386c03d588bb81d44bc3928634ff26449851e99741617ecb9037ee5ec0b"},
    {file = "pygments-2.19.2.tar.gz", hash = "sha256:636cb2477cec7f8952536970bc533bc43743542f70392ae026374600add5b887"},
]

[package.extras]
windows-terminal = ["colorama (>=0.4.6)"]

[[package]]
name = "pymssql"
version = "2.3.13"
description = "DB-API interface to Microsoft SQL Server for Python. (new Cython-based version)"
optional = false
python-versions = ">=3.9"
groups = ["main"]
files = [
    {file = "pymssql-2.3.13-cp310-cp310-macosx_14_0_arm64.whl", hash = "sha256:476f6f06b2ae5dfbfa0b169a6ecdd0d9ddfedb07f2d6dc97d2dd630ff2d6789a"},
    {file = "pymssql-2.3.13-cp310-cp310-macosx_15_0_x86_64.whl", hash = "sha256:17942dc9474693ab2229a8a6013e5b9cb1312a5251207552141bb85fcce8c131"},
    {file = "pymssql-2.3.13-cp310-cp310-manylinux_2_27_aarch64.manylinux_2_28_aarch64.whl", hash = "sha256:4d87237500def5f743a52e415cd369d632907212154fcc7b4e13f264b4e30021"},
    {file = "pymssql-2.3.13-cp310-cp310-manylinux_2_27_x86_64.manylinux_2_28_x86_64.whl", hash = "sha256:612ac062027d2118879f11a5986e9d9d82d07ca3545bb98c93200b68826ea687"},
    {file = "pymssql-2.3.13-cp310-cp310-musllinux_1_2_aarch64.whl", hash = "sha256:f1897c1b767cc143e77d285123ae5fd4fa7379a1bfec5c515d38826caf084eb6"},
    {file = "pymssql-2.3.13-cp310-cp310-musllinux_1_2_x86_64.whl", hash = "sha256:48631c7b9fd14a1bd5675c521b6082590bf700b7961c65638d237817b3fde735"},
    {file = "pymssql-2.3.13-cp310-cp310-win_amd64.whl", hash = "sha256:79c759db6e991eeae473b000c2e0a7fb8da799b2da469fe5a10d30916315e0b5"},
    {file = "pymssql-2.3.13-cp311-cp311-macosx_14_0_arm64.whl", hash = "sha256:152be40c0d7f5e4b1323f7728b0a01f3ee0082190cfbadf84b2c2e930d57e00e"},
    {file = "pymssql-2.3.13-cp311-cp311-macosx_15_0_x86_64.whl", hash = "sha256:d94da3a55545c5b6926cb4d1c6469396f0ae32ad5d6932c513f7a0bf569b4799"},
    {file = "pymssql-2.3.13-cp311-cp311-manylinux_2_27_aarch64.manylinux_2_28_aarch64.whl", hash = "sha256:51e42c5defc3667f0803c7ade85db0e6f24b9a1c5a18fcdfa2d09c36bff9b065"},
    {file = "pymssql-2.3.13-cp311-cp311-manylinux_2_27_x86_64.manylinux_2_28_x86_64.whl", hash = "sha256:4aa18944a121f996178e26cadc598abdbf73759f03dc3cd74263fdab1b28cd96"},
    {file = "pymssql-2.3.13-cp311-cp311-musllinux_1_2_aarch64.whl", hash = "sha256:910404e0ec85c4cc7c633ec3df9b04a35f23bb74a844dd377a387026ae635e3a"},
    {file = "pymssql-2.3.13-cp311-cp311-musllinux_1_2_x86_64.whl", hash = "sha256:4b834c34e7600369eee7bc877948b53eb0fe6f3689f0888d005ae47dd53c0a66"},
    {file = "pymssql-2.3.13-cp311-cp311-win_amd64.whl", hash = "sha256:5c2e55b6513f9c5a2f58543233ed40baaa7f91c79e64a5f961ea3fc57a700b80"},
    {file = "pymssql-2.3.13-cp312-cp312-macosx_14_0_arm64.whl", hash = "sha256:cf4f32b4a05b66f02cb7d55a0f3bcb0574a6f8cf0bee4bea6f7b104038364733"},
    {file = "pymssql-2.3.13-cp312-cp312-macosx_15_0_x86_64.whl", hash = "sha256:2b056eb175955f7fb715b60dc1c0c624969f4d24dbdcf804b41ab1e640a2b131"},
    {file = "pymssql-2.3.13-cp312-cp312-manylinux_2_27_aarch64.manylinux_2_28_aarch64.whl", hash = "sha256:319810b89aa64b99d9c5c01518752c813938df230496fa2c4c6dda0603f04c4c"},
    {file = "pymssql-2.3.13-cp312-cp312-manylinux_2_27_x86_64.manylinux_2_28_x86_64.whl", hash = "sha256:c0ea72641cb0f8bce7ad8565dbdbda4a7437aa58bce045f2a3a788d71af2e4be"},
    {file = "pymssql-2.3.13-cp312-cp312-musllinux_1_2_aarch64.whl", hash = "sha256:1493f63d213607f708a5722aa230776ada726ccdb94097fab090a1717a2534e0"},
    {file = "pymssql-2.3.13-cp312-cp312-musllinux_1_2_x86_64.whl", hash = "sha256:eb3275985c23479e952d6462ae6c8b2b6993ab6b99a92805a9c17942cf3d5b3d"},
    {file = "pymssql-2.3.13-cp312-cp312-win_amd64.whl", hash = "sha256:a930adda87bdd8351a5637cf73d6491936f34e525a5e513068a6eac742f69cdb"},
    {file = "pymssql-2.3.13-cp313-cp313-macosx_14_0_arm64.whl", hash = "sha256:30918bb044242865c01838909777ef5e0f1b9ecd7f5882346aefa57f4414b29c"},
    {file = "pymssql-2.3.13-cp313-cp313-macosx_15_0_x86_64.whl", hash = "sha256:1c6d0b2d7961f159a07e4f0d8cc81f70ceab83f5e7fd1e832a2d069e1d67ee4e"},
    {file = "pymssql-2.3.13-cp313-cp313-manylinux_2_27_aarch64.manylinux_2_28_aarch64.whl", hash = "sha256:16c5957a3c9e51a03276bfd76a22431e2bc4c565e2e95f2cbb3559312edda230"},
    {file = "pymssql-2.3.13-cp313-cp313-manylinux_2_27_x86_64.manylinux_2_28_x86_64.whl", hash = "sha256:0fddd24efe9d18bbf174fab7c6745b0927773718387f5517cf8082241f721a68"},
    {file = "pymssql-2.3.13-cp313-cp313-musllinux_1_2_aarch64.whl", hash = "sha256:123c55ee41bc7a82c76db12e2eb189b50d0d7a11222b4f8789206d1cda3b33b9"},
    {file = "pymssql-2.3.13-cp313-cp313-musllinux_1_2_x86_64.whl", hash = "sha256:e053b443e842f9e1698fcb2b23a4bff1ff3d410894d880064e754ad823d541e5"},
    {file = "pymssql-2.3.13-cp313-cp313-win_amd64.whl", hash = "sha256:5c045c0f1977a679cc30d5acd9da3f8aeb2dc6e744895b26444b4a2f20dad9a0"},
    {file = "pymssql-2.3.13-cp314-cp314-macosx_14_0_arm64.whl", hash = "sha256:fc5482969c813b0a45ce51c41844ae5bfa8044ad5ef8b4820ef6de7d4545b7f2"},
    {file = "pymssql-2.3.13-cp314-cp314-macosx_15_0_x86_64.whl", hash = "sha256:ff5be7ab1d643dbce2ee3424d2ef9ae8e4146cf75bd20946bc7a6108e3ad1e47"},
    {file = "pymssql-2.3.13-cp314-cp314-manylinux_2_27_aarch64.manylinux_2_28_aarch64.whl", hash = "sha256:8d66ce0a249d2e3b57369048d71e1f00d08dfb90a758d134da0250ae7bc739c1"},
    {file = "pymssql-2.3.13-cp314-cp314-manylinux_2_27_x86_64.manylinux_2_28_x86_64.whl", hash = "sha256:d663c908414a6a032f04d17628138b1782af916afc0df9fefac4751fa394c3ac"},
    {file = "pymssql-2.3.13-cp314-cp314-musllinux_1_2_aarch64.whl", hash = "sha256:aa5e07eff7e6e8bd4ba22c30e4cb8dd073e138cd272090603609a15cc5dbc75b"},
    {file = "pymssql-2.3.13-cp314-cp314-musllinux_1_2_x86_64.whl", hash = "sha256:db77da1a3fc9b5b5c5400639d79d7658ba7ad620957100c5b025be608b562193"},
    {file = "pymssql-2.3.13-cp314-cp314-win_amd64.whl", hash = "sha256:7d7037d2b5b907acc7906d0479924db2935a70c720450c41339146a4ada2b93d"},
    {file = "pymssql-2.3.13-cp39-cp39-macosx_14_0_arm64.whl", hash = "sha256:b0af51904764811da0bfe4b057b1d72dee11a399ce9ed5770875162772740c8a"},
    {file = "pymssql-2.3.13-cp39-cp39-macosx_15_0_x86_64.whl", hash = "sha256:0a7e6431925572bc75fb47929ae8ca5b0aac26abfe8b98d4c08daf117b5657f1"},
    {file = "pymssql-2.3.13-cp39-cp39-manylinux_2_27_aarch64.manylinux_2_28_aarch64.whl", hash = "sha256:7f9b1d5aef2b5f47a7f9d9733caee4d66772681e8f798a0f5e4739a8bdab408c"},
    {file = "pymssql-2.3.13-cp39-cp39-manylinux_2_27_x86_64.manylinux_2_28_x86_64.whl", hash = "sha256:c690f1869dadbf4201b7f51317fceff6e5d8f5175cec6a4a813e06b0dca2d6ed"},
    {file = "pymssql-2.3.13-cp39-cp39-musllinux_1_2_aarch64.whl", hash = "sha256:e7c31f192da9d30f0e03ad99e548120a8740a675302e2f04fa8c929f7cbee771"},
    {file = "pymssql-2.3.13-cp39-cp39-musllinux_1_2_x86_64.whl", hash = "sha256:f5d995a80996235ed32102a93067ce6a7143cce3bfd4e5042bf600020fc08456"},
    {file = "pymssql-2.3.13-cp39-cp39-win_amd64.whl", hash = "sha256:6a6c0783d97f57133573a03aad3017917dbdf7831a65e0d84ccf2a85e183ca66"},
    {file = "pymssql-2.3.13.tar.gz", hash = "sha256:2137e904b1a65546be4ccb96730a391fcd5a85aab8a0632721feb5d7e39cfbce"},
]

[[package]]
name = "pymysql"
version = "1.1.2"
description = "Pure Python MySQL Driver"
optional = false
python-versions = ">=3.8"
groups = ["main"]
files = [
    {file = "pymysql-1.1.2-py3-none-any.whl", hash = "sha256:e6b1d89711dd51f8f74b1631fe08f039e7d76cf67a42a323d3178f0f25762ed9"},
    {file = "pymysql-1.1.2.tar.gz", hash = "sha256:4961d3e165614ae65014e361811a724e2044ad3ea3739de9903ae7c21f539f03"},
]

[package.extras]
ed25519 = ["PyNaCl (>=1.4.0)"]
rsa = ["cryptography"]

[[package]]
name = "pytest"
version = "9.0.2"
description = "pytest: simple powerful testing with Python"
optional = false
python-versions = ">=3.10"
groups = ["dev"]
files = [
    {file = "pytest-9.0.2-py3-none-any.whl", hash = "sha256:711ffd45bf766d5264d487b917733b453d917afd2b0ad65223959f59089f875b"},
    {file = "pytest-9.0.2.tar.gz", hash = "sha256:75186651a92bd89611d1d9fc20f0b4345fd827c41ccd5c299a868a05d70edf11"},
]

[package.dependencies]
colorama = {version = ">=0.4", markers = "sys_platform == \"win32\""}
iniconfig = ">=1.0.1"
packaging = ">=22"
pluggy = ">=1.5,<2"
pygments = ">=2.7.2"

[package.extras]
dev = ["argcomplete", "attrs (>=19.2)", "hypothesis (>=3.56)", "mock", "requests", "setuptools", "xmlschema"]

[[package]]
name = "pytest-mock"
version = "3.15.1"
description = "Thin-wrapper around the mock package for easier use with pytest"
optional = false
python-versions = ">=3.9"
groups = ["dev"]
files = [
    {file = "pytest_mock-3.15.1-py3-none-any.whl", hash = "sha256:0a25e2eb88fe5168d535041d09a4529a188176ae608a6d249ee65abc0949630d"},
    {file = "pytest_mock-3.15.1.tar.gz", hash = "sha256:1849a238f6f396da19762269de72cb1814ab44416fa73a8686deac10b0d87a0f"},
]

[package.dependencies]
pytest = ">=6.2.5"

[package.extras]
dev = ["pre-commit", "pytest-asyncio", "tox"]

[[package]]
name = "questionary"
version = "2.1.1"
description = "Python library to build pretty command line user prompts ⭐️"
optional = false
python-versions = ">=3.9"
groups = ["main"]
files = [
    {file = "questionary-2.1.1-py3-none-any.whl", hash = "sha256:a51af13f345f1cdea62347589fbb6df3b290306ab8930713bfae4d475a7d4a59"},
    {file = "questionary-2.1.1.tar.gz", hash = "sha256:3d7e980292bb0107abaa79c68dd3eee3c561b83a0f89ae482860b181c8bd412d"},
]

[package.dependencies]
prompt_toolkit = ">=2.0,<4.0"

[[package]]
name = "rich"
version = "14.3.3"
description = "Render rich text, tables, progress bars, syntax highlighting, markdown and more to the terminal"
optional = false
python-versions = ">=3.8.0"
groups = ["main"]
files = [
    {file = "rich-14.3.3-py3-none-any.whl", hash = "sha256:793431c1f8619afa7d3b52b2cdec859562b950ea0d4b6b505397612db8d5362d"},
    {file = "rich-14.3.3.tar.gz", hash = "sha256:b8daa0b9e4eef54dd8cf7c86c03713f53241884e814f4e2f5fb342fe520f639b"},
]

[package.dependencies]
markdown-it-py = ">=2.2.0"
pygments = ">=2.13.0,<3.0.0"

[package.extras]
jupyter = ["ipywidgets (>=7.5.1,<9)"]

[[package]]
name = "shellingham"
version = "1.5.4"
description = "Tool to Detect Surrounding Shell"
optional = false
python-versions = ">=3.7"
groups = ["main"]
files = [
    {file = "shellingham-1.5.4-py2.py3-none-any.whl", hash = "sha256:7ecfff8f2fd72616f7481040475a65b2bf8af90a56c89140852d1120324e8686"},
    {file = "shellingham-1.5.4.tar.gz", hash = "sha256:8dbca0739d487e5bd35ab3ca4b36e11c4078f3a234bfce294b0a0291363404de"},
]

[[package]]
name = "typer"
version = "0.24.1"
description = "Typer, build great CLIs. Easy to code. Based on Python type hints."
optional = false
python-versions = ">=3.10"
groups = ["main"]
files = [
    {file = "typer-0.24.1-py3-none-any.whl", hash = "sha256:112c1f0ce578bfb4cab9ffdabc68f031416ebcc216536611ba21f04e9aa84c9e"},
    {file = "typer-0.24.1.tar.gz", hash = "sha256:e39b4732d65fbdcde189ae76cf7cd48aeae72919dea1fdfc16593be016256b45"},
]

[package.dependencies]
annotated-doc = ">=0.0.2"
click = ">=8.2.1"
rich = ">=12.3.0"
shellingham = ">=1.3.0"

[[package]]
name = "tzdata"
version = "2025.3"
description = "Provider of IANA time zone data"
optional = false
python-versions = ">=2"
groups = ["main"]
markers = "sys_platform == \"win32\""
files = [
    {file = "tzdata-2025.3-py2.py3-none-any.whl", hash = "sha256:06a47e5700f3081aab02b2e513160914ff0694bce9947d6b76ebd6bf57cfc5d1"},
    {file = "tzdata-2025.3.tar.gz", hash = "sha256:de39c2ca5dc7b0344f2eba86f49d614019d29f060fc4ebc8a417896a620b56a7"},
]

[[package]]
name = "wcwidth"
version = "0.6.0"
description = "Measures the displayed width of unicode strings in a terminal"
optional = false
python-versions = ">=3.8"
groups = ["main"]
files = [
    {file = "wcwidth-0.6.0-py3-none-any.whl", hash = "sha256:1a3a1e510b553315f8e146c54764f4fb6264ffad731b3d78088cdb1478ffbdad"},
    {file = "wcwidth-0.6.0.tar.gz", hash = "sha256:cdc4e4262d6ef9a1a57e018384cbeb1208d8abbc64176027e2c2455c81313159"},
]

[metadata]
lock-version = "2.1"
python-versions = ">=3.13"
content-hash = "2186fea4321c71639abe0b597ce196fe9ac26011aec2e3abc70d79e669f9a1b7"
